
Microsoft Visual Studio Solution File, Format Version 12.00
# Visual Studio 15
VisualStudioVersion = 15.0.27004.2010
MinimumVisualStudioVersion = 10.0.40219.1
Project("{FAE04EC0-301F-11D3-BF4B-00C04F79EFBC}") = "DemoTreeApp", "DemoTreeApp\DemoTreeApp.csproj", "{AFF593F4-C00C-4EAD-A5A5-814EA546CEB6}"
EndProject
Global
	GlobalSection(SolutionConfigurationPlatforms) = preSolution
		Debug|Any CPU = Debug|Any CPU
		Release|Any CPU = Release|Any CPU
	EndGlobalSection
	GlobalSection(ProjectConfigurationPlatforms) = postSolution
		{AFF593F4-C00C-4EAD-A5A5-814EA546CEB6}.Debug|Any CPU.ActiveCfg = Debug|Any CPU
		{AFF593F4-C00C-4EAD-A5A5-814EA546CEB6}.Debug|Any CPU.Build.0 = Debug|Any CPU
		{AFF593F4-C00C-4EAD-A5A5-814EA546CEB6}.Release|Any CPU.ActiveCfg = Release|Any CPU
		{AFF593F4-C00C-4EAD-A5A5-814EA546CEB6}.Release|Any CPU.Build.0 = Release|Any CPU
	EndGlobalSection
	GlobalSection(SolutionProperties) = preSolution
		HideSolutionNode = FALSE
	EndGlobalSection
	GlobalSection(ExtensibilityGlobals) = postSolution
		SolutionGuid = {BF8A78C1-31E3-459D-907E-9E1C936A0BCB}
	EndGlobalSection
EndGlobal
